{
  "version": 4,
  "terraform_version": "1.7.5",
  "serial": 12,
  "lineage": "adb49ca6-9c3c-52e4-3f01-a9ea7b2b6b27",
  "outputs": {
    "ec2_public_ip": {
      "value": "65.2.35.128",
      "type": "string"
    }
  },
  "resources": [
    {
      "mode": "managed",
      "type": "aws_instance",
      "name": "minikube",
      "provider": "provider[\"registry.terraform.io/hashicorp/aws\"]",
      "instances": [
        {
          "schema_version": 2,
          "attributes": {
            "ami": "ami-0a0f1259dd1c90938",
            "arn": "arn:aws:ec2:ap-south-1:219191610377:instance/i-0a625c8da49bb7d29",
            "associate_public_ip_address": true,
            "availability_zone": "ap-south-1b",
            "capacity_reservation_specification": [
              {
                "capacity_reservation_preference": "open",
                "capacity_reservation_target": []
              }
            ],
            "cpu_options": [
              {
                "amd_sev_snp": "",
                "core_count": 1,
                "threads_per_core": 2
              }
            ],
            "credit_specification": [
              {
                "cpu_credits": "unlimited"
              }
            ],
            "disable_api_stop": false,
            "disable_api_termination": false,
            "ebs_block_device": [],
            "ebs_optimized": false,
            "enable_primary_ipv6": null,
            "enclave_options": [
              {
                "enabled": false
              }
            ],
            "ephemeral_block_device": [],
            "get_password_data": false,
            "hibernation": false,
            "host_id": "",
            "host_resource_group_arn": null,
            "iam_instance_profile": "",
            "id": "i-0a625c8da49bb7d29",
            "instance_initiated_shutdown_behavior": "stop",
            "instance_lifecycle": "",
            "instance_market_options": [],
            "instance_state": "running",
            "instance_type": "t3.medium",
            "ipv6_address_count": 0,
            "ipv6_addresses": [],
            "key_name": "minikube-key",
            "launch_template": [],
            "maintenance_options": [
              {
                "auto_recovery": "default"
              }
            ],
            "metadata_options": [
              {
                "http_endpoint": "enabled",
                "http_protocol_ipv6": "disabled",
                "http_put_response_hop_limit": 2,
                "http_tokens": "required",
                "instance_metadata_tags": "disabled"
              }
            ],
            "monitoring": false,
            "network_interface": [],
            "outpost_arn": "",
            "password_data": "",
            "placement_group": "",
            "placement_partition_number": 0,
            "primary_network_interface_id": "eni-0775b72f6a8aa92a9",
            "private_dns": "ip-172-31-2-35.ap-south-1.compute.internal",
            "private_dns_name_options": [
              {
                "enable_resource_name_dns_a_record": false,
                "enable_resource_name_dns_aaaa_record": false,
                "hostname_type": "ip-name"
              }
            ],
            "private_ip": "172.31.2.35",
            "public_dns": "ec2-65-2-35-128.ap-south-1.compute.amazonaws.com",
            "public_ip": "65.2.35.128",
            "region": "ap-south-1",
            "root_block_device": [
              {
                "delete_on_termination": true,
                "device_name": "/dev/xvda",
                "encrypted": false,
                "iops": 100,
                "kms_key_id": "",
                "tags": null,
                "tags_all": {},
                "throughput": 0,
                "volume_id": "vol-0b2362dbe23fae3f8",
                "volume_size": 30,
                "volume_type": "gp2"
              }
            ],
            "secondary_private_ips": [],
            "security_groups": [
              "minikube-sg20250703060821453600000001"
            ],
            "source_dest_check": true,
            "spot_instance_request_id": "",
            "subnet_id": "subnet-01fe025b096b22017",
            "tags": {
              "Name": "Minikube-ArGocD-Istio-Mumbai-Instance"
            },
            "tags_all": {
              "Name": "Minikube-ArGocD-Istio-Mumbai-Instance"
            },
            "tenancy": "default",
            "timeouts": null,
            "user_data": "#!/bin/bash\r\nset -e\r\n\r\necho \"[INFO] Updating packages and installing Docker and dependencies...\"\r\napt-get update -y\r\napt-get install -y docker.io curl wget apt-transport-https gnupg2 software-properties-common conntrack\r\n\r\necho \"[INFO] Enabling and starting Docker...\"\r\nsystemctl enable docker\r\nsystemctl start docker\r\n\r\necho \"[INFO] Installing kubectl v1.29.0...\"\r\ncurl -LO https://dl.k8s.io/release/v1.29.0/bin/linux/amd64/kubectl\r\nchmod +x kubectl\r\nmv kubectl /usr/local/bin/kubectl\r\n\r\necho \"[INFO] Installing Minikube...\"\r\ncurl -Lo minikube https://storage.googleapis.com/minikube/releases/latest/minikube-linux-amd64\r\nchmod +x minikube\r\nmv minikube /usr/local/bin/\r\n\r\necho \"[INFO] Starting Minikube with Docker driver...\"\r\nminikube start --driver=docker --force\r\n\r\necho \"[INFO] Exporting KUBECONFIG...\"\r\nexport KUBECONFIG=/root/.kube/config\r\necho \"export KUBECONFIG=/root/.kube/config\" \u003e\u003e /root/.bashrc\r\n\r\necho \"[INFO] Verifying kubectl connection to Minikube...\"\r\nkubectl get nodes || echo \"Waiting for Minikube...\"\r\n\r\n# Wait until node is ready\r\nfor i in {1..20}; do\r\n  if kubectl get nodes | grep -q \"Ready\"; then\r\n    echo \"[INFO] Minikube cluster is Ready.\"\r\n    break\r\n  fi\r\n  echo \"[INFO] Waiting for cluster to be ready... ($i/20)\"\r\n  sleep 15\r\ndone\r\n\r\necho \"[INFO] Installing ArgoCD...\"\r\nkubectl create namespace argocd || true\r\nkubectl apply -n argocd -f https://raw.githubusercontent.com/argoproj/argo-cd/stable/manifests/install.yaml\r\n\r\necho \"[INFO] Installing Istio...\"\r\ncurl -L https://istio.io/downloadIstio | ISTIO_VERSION=1.22.0 sh -\r\ncd istio-1.22.0\r\nexport PATH=$PWD/bin:$PATH\r\nistioctl install --set profile=demo -y\r\nkubectl label namespace default istio-injection=enabled --overwrite\r\n\r\necho \"[INFO] Deploying sample app (hello-app)...\"\r\ncat \u003c\u003cEOF | kubectl apply -f -\r\napiVersion: apps/v1\r\nkind: Deployment\r\nmetadata:\r\n  name: hello-app\r\nspec:\r\n  replicas: 2\r\n  selector:\r\n    matchLabels:\r\n      app: hello\r\n  template:\r\n    metadata:\r\n      labels:\r\n        app: hello\r\n    spec:\r\n      containers:\r\n      - name: hello\r\n        image: hashicorp/http-echo\r\n        args: [\"-text=Hello from Istio + ArgoCD on AWS\"]\r\n        ports:\r\n        - containerPort: 5678\r\n---\r\napiVersion: v1\r\nkind: Service\r\nmetadata:\r\n  name: hello-service\r\nspec:\r\n  selector:\r\n    app: hello\r\n  ports:\r\n    - protocol: TCP\r\n      port: 80\r\n      targetPort: 5678\r\n  type: NodePort\r\nEOF\r\n\r\necho \"[INFO] Setup complete. Minikube + ArgoCD + Istio is ready.\"\r\n",
            "user_data_base64": null,
            "user_data_replace_on_change": false,
            "volume_tags": null,
            "vpc_security_group_ids": [
              "sg-0d5e8afcb986c3da6"
            ]
          },
          "sensitive_attributes": [],
          "private": "eyJlMmJmYjczMC1lY2FhLTExZTYtOGY4OC0zNDM2M2JjN2M0YzAiOnsiY3JlYXRlIjo2MDAwMDAwMDAwMDAsImRlbGV0ZSI6MTIwMDAwMDAwMDAwMCwicmVhZCI6OTAwMDAwMDAwMDAwLCJ1cGRhdGUiOjYwMDAwMDAwMDAwMH0sInNjaGVtYV92ZXJzaW9uIjoiMiJ9",
          "dependencies": [
            "aws_key_pair.minikube_key",
            "aws_security_group.allow_ssh"
          ]
        }
      ]
    },
    {
      "mode": "managed",
      "type": "aws_key_pair",
      "name": "minikube_key",
      "provider": "provider[\"registry.terraform.io/hashicorp/aws\"]",
      "instances": [
        {
          "schema_version": 1,
          "attributes": {
            "arn": "arn:aws:ec2:ap-south-1:219191610377:key-pair/minikube-key",
            "fingerprint": "d1:90:29:57:34:76:93:03:46:c2:bc:ef:8d:b9:1b:0a",
            "id": "minikube-key",
            "key_name": "minikube-key",
            "key_name_prefix": "",
            "key_pair_id": "key-0fca42b8c750429ab",
            "key_type": "rsa",
            "public_key": "ssh-rsa AAAAB3NzaC1yc2EAAAADAQABAAABAQDLpPScvEw7HHNa9sSXJxHA0QAdw1Ecz+9TUzHmCkxR2hIBiPFUzIXRAZfhnTaTSj73/vO5LN1Kf6+tp5KJE6D4fjw+/frjbU5eq5ChxjQlFoLg6DUfzlGkrFR7h1CnmM3FL+m+EXudVe+RwgVvP3IrtgLHCXxVM69raT+Pyqxw3uhDYcrihh6vXErRc0cN1t7OMuogAMvd6Nn4PgVhiAf0fr+WAB/xQeKBN/eiKxw5pyVtNfZS8WKA1joKxxT5Ns30VcDcr7TabcaIPKXU6akBEt2YwZ26RtovxCE6aJB0aLdc1uDJnCcRkoVZYo5N2VLLWA89h2dP6nEEOA4nCpF9",
            "region": "ap-south-1",
            "tags": null,
            "tags_all": {}
          },
          "sensitive_attributes": [],
          "private": "eyJzY2hlbWFfdmVyc2lvbiI6IjEifQ=="
        }
      ]
    },
    {
      "mode": "managed",
      "type": "aws_security_group",
      "name": "allow_ssh",
      "provider": "provider[\"registry.terraform.io/hashicorp/aws\"]",
      "instances": [
        {
          "schema_version": 1,
          "attributes": {
            "arn": "arn:aws:ec2:ap-south-1:219191610377:security-group/sg-0d5e8afcb986c3da6",
            "description": "Managed by Terraform",
            "egress": [
              {
                "cidr_blocks": [
                  "0.0.0.0/0"
                ],
                "description": "",
                "from_port": 0,
                "ipv6_cidr_blocks": [],
                "prefix_list_ids": [],
                "protocol": "-1",
                "security_groups": [],
                "self": false,
                "to_port": 0
              }
            ],
            "id": "sg-0d5e8afcb986c3da6",
            "ingress": [
              {
                "cidr_blocks": [
                  "0.0.0.0/0"
                ],
                "description": "",
                "from_port": 22,
                "ipv6_cidr_blocks": [],
                "prefix_list_ids": [],
                "protocol": "tcp",
                "security_groups": [],
                "self": false,
                "to_port": 22
              },
              {
                "cidr_blocks": [
                  "0.0.0.0/0"
                ],
                "description": "Allow NodePort services",
                "from_port": 30000,
                "ipv6_cidr_blocks": [],
                "prefix_list_ids": [],
                "protocol": "tcp",
                "security_groups": [],
                "self": false,
                "to_port": 32767
              }
            ],
            "name": "minikube-sg20250703060821453600000001",
            "name_prefix": "minikube-sg",
            "owner_id": "219191610377",
            "region": "ap-south-1",
            "revoke_rules_on_delete": false,
            "tags": null,
            "tags_all": {},
            "timeouts": null,
            "vpc_id": "vpc-08fb624810f592a0c"
          },
          "sensitive_attributes": [],
          "private": "eyJlMmJmYjczMC1lY2FhLTExZTYtOGY4OC0zNDM2M2JjN2M0YzAiOnsiY3JlYXRlIjo2MDAwMDAwMDAwMDAsImRlbGV0ZSI6OTAwMDAwMDAwMDAwfSwic2NoZW1hX3ZlcnNpb24iOiIxIn0="
        }
      ]
    }
  ],
  "check_results": null
}
